
Microsoft Visual Studio Solution File, Format Version 12.00
# Visual Studio Version 17
VisualStudioVersion = 17.0.31903.59
MinimumVisualStudioVersion = 10.0.40219.1
Project("{FAE04EC0-301F-11D3-BF4B-00C04F79EFBC}") = "DialogicLogic", "DialogicLogic\DialogicLogic.csproj", "{27A2109A-0D42-446F-880B-CF916B68CC05}"
EndProject
Project("{FAE04EC0-301F-11D3-BF4B-00C04F79EFBC}") = "DialogicTests", "DialogicTests\DialogicTests.csproj", "{4C86C04B-C0E2-4D75-842A-A843DA0C1B40}"
EndProject
Global
	GlobalSection(SolutionConfigurationPlatforms) = preSolution
		Debug|Any CPU = Debug|Any CPU
		Release|Any CPU = Release|Any CPU
	EndGlobalSection
	GlobalSection(SolutionProperties) = preSolution
		HideSolutionNode = FALSE
	EndGlobalSection
	GlobalSection(ProjectConfigurationPlatforms) = postSolution
		{27A2109A-0D42-446F-880B-CF916B68CC05}.Debug|Any CPU.ActiveCfg = Debug|Any CPU
		{27A2109A-0D42-446F-880B-CF916B68CC05}.Debug|Any CPU.Build.0 = Debug|Any CPU
		{27A2109A-0D42-446F-880B-CF916B68CC05}.Release|Any CPU.ActiveCfg = Release|Any CPU
		{27A2109A-0D42-446F-880B-CF916B68CC05}.Release|Any CPU.Build.0 = Release|Any CPU
		{4C86C04B-C0E2-4D75-842A-A843DA0C1B40}.Debug|Any CPU.ActiveCfg = Debug|Any CPU
		{4C86C04B-C0E2-4D75-842A-A843DA0C1B40}.Debug|Any CPU.Build.0 = Debug|Any CPU
		{4C86C04B-C0E2-4D75-842A-A843DA0C1B40}.Release|Any CPU.ActiveCfg = Release|Any CPU
		{4C86C04B-C0E2-4D75-842A-A843DA0C1B40}.Release|Any CPU.Build.0 = Release|Any CPU
	EndGlobalSection
EndGlobal
